<?xml version="1.0" encoding="utf-8"?>
<Project ToolsVersion="4.0" xmlns="http://schemas.microsoft.com/developer/msbuild/2003">
  <ItemGroup>
    <Filter Include="Source Files">
      <UniqueIdentifier>{4FC737F1-C7A5-4376-A066-2A32D752A2FF}</UniqueIdentifier>
      <Extensions>cpp;c;cc;cxx;c++;def;odl;idl;hpj;bat;asm;asmx</Extensions>
    </Filter>
    <Filter Include="Header Files">
      <UniqueIdentifier>{93995380-89BD-4b04-88EB-625FBE52EBFB}</UniqueIdentifier>
      <Extensions>h;hh;hpp;hxx;h++;hm;inl;inc;ipp;xsd</Extensions>
    </Filter>
    <Filter Include="Resource Files">
      <UniqueIdentifier>{67DA6AB6-F800-4c08-8B7A-83BB121AAD01}</UniqueIdentifier>
      <Extensions>rc;ico;cur;bmp;dlg;rc2;rct;bin;rgs;gif;jpg;jpeg;jpe;resx;tiff;tif;png;wav;mfcribbon-ms</Extensions>
    </Filter>
    <Filter Include="Source Files\Domain">
      <UniqueIdentifier>{b152bcc3-fbfd-441f-9d06-aad0f002806b}</UniqueIdentifier>
    </Filter>
    <Filter Include="Source Files\Repository">
      <UniqueIdentifier>{0526e61f-d9bb-48da-86e6-077b29de872b}</UniqueIdentifier>
    </Filter>
    <Filter Include="Source Files\Service">
      <UniqueIdentifier>{0134e346-7c44-46d1-a349-69fec473245a}</UniqueIdentifier>
    </Filter>
    <Filter Include="Source Files\UI">
      <UniqueIdentifier>{1efd672b-09dc-4a11-a849-6784d0aee444}</UniqueIdentifier>
    </Filter>
  </ItemGroup>
  <ItemGroup>
    <ClCompile Include="Entity.cpp">
      <Filter>Source Files\Domain</Filter>
    </ClCompile>
    <ClCompile Include="Validator.cpp">
      <Filter>Source Files\Domain</Filter>
    </ClCompile>
    <ClCompile Include="main.cpp">
      <Filter>Source Files</Filter>
    </ClCompile>
    <ClCompile Include="TestList.cpp">
      <Filter>Source Files\Domain</Filter>
    </ClCompile>
    <ClCompile Include="EntityDTO.cpp">
      <Filter>Source Files\Domain</Filter>
    </ClCompile>
    <ClCompile Include="Lista.cpp">
      <Filter>Source Files\Repository</Filter>
    </ClCompile>
    <ClCompile Include="Repository.cpp">
      <Filter>Source Files\Repository</Filter>
    </ClCompile>
    <ClCompile Include="TestTemplate.cpp">
      <Filter>Source Files\Domain</Filter>
    </ClCompile>
    <ClCompile Include="Service.cpp">
      <Filter>Source Files\Service</Filter>
    </ClCompile>
    <ClCompile Include="UI.cpp">
      <Filter>Source Files\UI</Filter>
    </ClCompile>
    <ClCompile Include="UndoList.cpp">
      <Filter>Source Files\Repository</Filter>
    </ClCompile>
    <ClCompile Include="Basket.cpp">
      <Filter>Source Files\Service</Filter>
    </ClCompile>
  </ItemGroup>
  <ItemGroup>
    <ClInclude Include="UI.h">
      <Filter>Header Files</Filter>
    </ClInclude>
    <ClInclude Include="Repository.h">
      <Filter>Header Files</Filter>
    </ClInclude>
    <ClInclude Include="Service.h">
      <Filter>Header Files</Filter>
    </ClInclude>
    <ClInclude Include="Entity.h">
      <Filter>Header Files</Filter>
    </ClInclude>
    <ClInclude Include="Validator.h">
      <Filter>Header Files</Filter>
    </ClInclude>
    <ClInclude Include="Lista.h">
      <Filter>Header Files</Filter>
    </ClInclude>
    <ClInclude Include="VectorDinamicTemplate.h">
      <Filter>Header Files</Filter>
    </ClInclude>
    <ClInclude Include="EntityDTO.h">
      <Filter>Header Files</Filter>
    </ClInclude>
    <ClInclude Include="UndoList.h">
      <Filter>Header Files</Filter>
    </ClInclude>
    <ClInclude Include="Basket.h">
      <Filter>Header Files</Filter>
    </ClInclude>
    <ClInclude Include="Testing.h">
      <Filter>Header Files</Filter>
    </ClInclude>
  </ItemGroup>
  <ItemGroup>
    <None Include="unfile.csv" />
  </ItemGroup>
  <ItemGroup>
    <Text Include="auxiliar.txt" />
    <Text Include="baza.txt" />
  </ItemGroup>
</Project>